// !$*UTF8*$!
{
	archiveVersion = 1;
	classes = {
	};
	objectVersion = 50;
	objects = {

/* Begin PBXBuildFile section */
		135AEEF890E2825DAAB911A4 /* Pods_SlotsUpTest.framework in Frameworks */ = {isa = PBXBuildFile; fileRef = 6089D11FEB2856F76E2DB460 /* Pods_SlotsUpTest.framework */; };
		AC676B5422C25C0800A6C613 /* AppDelegate.swift in Sources */ = {isa = PBXBuildFile; fileRef = AC676B5322C25C0800A6C613 /* AppDelegate.swift */; };
		AC676B5622C25C0800A6C613 /* LoginScreen.swift in Sources */ = {isa = PBXBuildFile; fileRef = AC676B5522C25C0800A6C613 /* LoginScreen.swift */; };
		AC676B5922C25C0800A6C613 /* Main.storyboard in Resources */ = {isa = PBXBuildFile; fileRef = AC676B5722C25C0800A6C613 /* Main.storyboard */; };
		AC676B5B22C25C0B00A6C613 /* Assets.xcassets in Resources */ = {isa = PBXBuildFile; fileRef = AC676B5A22C25C0B00A6C613 /* Assets.xcassets */; };
		AC676B5E22C25C0B00A6C613 /* LaunchScreen.storyboard in Resources */ = {isa = PBXBuildFile; fileRef = AC676B5C22C25C0B00A6C613 /* LaunchScreen.storyboard */; };
		AC676B6622C25E5200A6C613 /* Constants.swift in Sources */ = {isa = PBXBuildFile; fileRef = AC676B6522C25E5200A6C613 /* Constants.swift */; };
		AC676B6A22C2653100A6C613 /* Networking.swift in Sources */ = {isa = PBXBuildFile; fileRef = AC676B6922C2653100A6C613 /* Networking.swift */; };
		ACFEF58922C36B4200555101 /* Response.swift in Sources */ = {isa = PBXBuildFile; fileRef = ACFEF58822C36B4200555101 /* Response.swift */; };
		ACFEF58B22C37D3C00555101 /* CharacterCountViewController.swift in Sources */ = {isa = PBXBuildFile; fileRef = ACFEF58A22C37D3C00555101 /* CharacterCountViewController.swift */; };
/* End PBXBuildFile section */

/* Begin PBXFileReference section */
		6089D11FEB2856F76E2DB460 /* Pods_SlotsUpTest.framework */ = {isa = PBXFileReference; explicitFileType = wrapper.framework; includeInIndex = 0; path = Pods_SlotsUpTest.framework; sourceTree = BUILT_PRODUCTS_DIR; };
		AC676B5022C25C0800A6C613 /* SlotsUpTest.app */ = {isa = PBXFileReference; explicitFileType = wrapper.application; includeInIndex = 0; path = SlotsUpTest.app; sourceTree = BUILT_PRODUCTS_DIR; };
		AC676B5322C25C0800A6C613 /* AppDelegate.swift */ = {isa = PBXFileReference; lastKnownFileType = sourcecode.swift; path = AppDelegate.swift; sourceTree = "<group>"; };
		AC676B5522C25C0800A6C613 /* LoginScreen.swift */ = {isa = PBXFileReference; lastKnownFileType = sourcecode.swift; path = LoginScreen.swift; sourceTree = "<group>"; };
		AC676B5822C25C0800A6C613 /* Base */ = {isa = PBXFileReference; lastKnownFileType = file.storyboard; name = Base; path = Base.lproj/Main.storyboard; sourceTree = "<group>"; };
		AC676B5A22C25C0B00A6C613 /* Assets.xcassets */ = {isa = PBXFileReference; lastKnownFileType = folder.assetcatalog; path = Assets.xcassets; sourceTree = "<group>"; };
		AC676B5D22C25C0B00A6C613 /* Base */ = {isa = PBXFileReference; lastKnownFileType = file.storyboard; name = Base; path = Base.lproj/LaunchScreen.storyboard; sourceTree = "<group>"; };
		AC676B5F22C25C0B00A6C613 /* Info.plist */ = {isa = PBXFileReference; lastKnownFileType = text.plist.xml; path = Info.plist; sourceTree = "<group>"; };
		AC676B6522C25E5200A6C613 /* Constants.swift */ = {isa = PBXFileReference; lastKnownFileType = sourcecode.swift; path = Constants.swift; sourceTree = "<group>"; };
		AC676B6922C2653100A6C613 /* Networking.swift */ = {isa = PBXFileReference; lastKnownFileType = sourcecode.swift; path = Networking.swift; sourceTree = "<group>"; };
		ACFEF58822C36B4200555101 /* Response.swift */ = {isa = PBXFileReference; lastKnownFileType = sourcecode.swift; path = Response.swift; sourceTree = "<group>"; };
		ACFEF58A22C37D3C00555101 /* CharacterCountViewController.swift */ = {isa = PBXFileReference; lastKnownFileType = sourcecode.swift; path = CharacterCountViewController.swift; sourceTree = "<group>"; };
		D8EB3ABF438D8504B01367D7 /* Pods-SlotsUpTest.debug.xcconfig */ = {isa = PBXFileReference; includeInIndex = 1; lastKnownFileType = text.xcconfig; name = "Pods-SlotsUpTest.debug.xcconfig"; path = "Pods/Target Support Files/Pods-SlotsUpTest/Pods-SlotsUpTest.debug.xcconfig"; sourceTree = "<group>"; };
		D984B94C71DAD682A6D3C98D /* Pods-SlotsUpTest.release.xcconfig */ = {isa = PBXFileReference; includeInIndex = 1; lastKnownFileType = text.xcconfig; name = "Pods-SlotsUpTest.release.xcconfig"; path = "Pods/Target Support Files/Pods-SlotsUpTest/Pods-SlotsUpTest.release.xcconfig"; sourceTree = "<group>"; };
/* End PBXFileReference section */

/* Begin PBXFrameworksBuildPhase section */
		AC676B4D22C25C0800A6C613 /* Frameworks */ = {
			isa = PBXFrameworksBuildPhase;
			buildActionMask = 2147483647;
			files = (
				135AEEF890E2825DAAB911A4 /* Pods_SlotsUpTest.framework in Frameworks */,
			);
			runOnlyForDeploymentPostprocessing = 0;
		};
/* End PBXFrameworksBuildPhase section */

/* Begin PBXGroup section */
		1A792D68BD6DB622B7958355 /* Frameworks */ = {
			isa = PBXGroup;
			children = (
				6089D11FEB2856F76E2DB460 /* Pods_SlotsUpTest.framework */,
			);
			name = Frameworks;
			sourceTree = "<group>";
		};
		AC676B4722C25C0800A6C613 = {
			isa = PBXGroup;
			children = (
				AC676B5222C25C0800A6C613 /* SlotsUpTest */,
				AC676B5122C25C0800A6C613 /* Products */,
				D964C86DA14BB93BE4DABE49 /* Pods */,
				1A792D68BD6DB622B7958355 /* Frameworks */,
			);
			sourceTree = "<group>";
		};
		AC676B5122C25C0800A6C613 /* Products */ = {
			isa = PBXGroup;
			children = (
				AC676B5022C25C0800A6C613 /* SlotsUpTest.app */,
			);
			name = Products;
			sourceTree = "<group>";
		};
		AC676B5222C25C0800A6C613 /* SlotsUpTest */ = {
			isa = PBXGroup;
			children = (
				AC676B5322C25C0800A6C613 /* AppDelegate.swift */,
				AC676B5522C25C0800A6C613 /* LoginScreen.swift */,
				AC676B6922C2653100A6C613 /* Networking.swift */,
				ACE2205B22C4195100BD5BE0 /* Models */,
				AC676B6522C25E5200A6C613 /* Constants.swift */,
				ACFEF58A22C37D3C00555101 /* CharacterCountViewController.swift */,
				AC676B5722C25C0800A6C613 /* Main.storyboard */,
				AC676B5A22C25C0B00A6C613 /* Assets.xcassets */,
				AC676B5C22C25C0B00A6C613 /* LaunchScreen.storyboard */,
				AC676B5F22C25C0B00A6C613 /* Info.plist */,
			);
			path = SlotsUpTest;
			sourceTree = "<group>";
		};
		ACE2205B22C4195100BD5BE0 /* Models */ = {
			isa = PBXGroup;
			children = (
				ACFEF58822C36B4200555101 /* Response.swift */,
			);
			path = Models;
			sourceTree = "<group>";
		};
		D964C86DA14BB93BE4DABE49 /* Pods */ = {
			isa = PBXGroup;
			children = (
				D8EB3ABF438D8504B01367D7 /* Pods-SlotsUpTest.debug.xcconfig */,
				D984B94C71DAD682A6D3C98D /* Pods-SlotsUpTest.release.xcconfig */,
			);
			name = Pods;
			sourceTree = "<group>";
		};
/* End PBXGroup section */

/* Begin PBXNativeTarget section */
		AC676B4F22C25C0800A6C613 /* SlotsUpTest */ = {
			isa = PBXNativeTarget;
			buildConfigurationList = AC676B6222C25C0B00A6C613 /* Build configuration list for PBXNativeTarget "SlotsUpTest" */;
			buildPhases = (
				C18A595A5423D6CB137F80BC /* [CP] Check Pods Manifest.lock */,
				AC676B4C22C25C0800A6C613 /* Sources */,
				AC676B4D22C25C0800A6C613 /* Frameworks */,
				AC676B4E22C25C0800A6C613 /* Resources */,
				8D2B21AF2FD7112D7D5C8487 /* [CP] Embed Pods Frameworks */,
			);
			buildRules = (
			);
			dependencies = (
			);
			name = SlotsUpTest;
			productName = SlotsUpTest;
			productReference = AC676B5022C25C0800A6C613 /* SlotsUpTest.app */;
			productType = "com.apple.product-type.application";
		};
/* End PBXNativeTarget section */

/* Begin PBXProject section */
		AC676B4822C25C0800A6C613 /* Project object */ = {
			isa = PBXProject;
			attributes = {
				LastSwiftUpdateCheck = 1020;
				LastUpgradeCheck = 1020;
				ORGANIZATIONNAME = Artem;
				TargetAttributes = {
					AC676B4F22C25C0800A6C613 = {
						CreatedOnToolsVersion = 10.2.1;
					};
				};
			};
			buildConfigurationList = AC676B4B22C25C0800A6C613 /* Build configuration list for PBXProject "SlotsUpTest" */;
			compatibilityVersion = "Xcode 9.3";
			developmentRegion = en;
			hasScannedForEncodings = 0;
			knownRegions = (
				en,
				Base,
			);
			mainGroup = AC676B4722C25C0800A6C613;
			productRefGroup = AC676B5122C25C0800A6C613 /* Products */;
			projectDirPath = "";
			projectRoot = "";
			targets = (
				AC676B4F22C25C0800A6C613 /* SlotsUpTest */,
			);
		};
/* End PBXProject section */

/* Begin PBXResourcesBuildPhase section */
		AC676B4E22C25C0800A6C613 /* Resources */ = {
			isa = PBXResourcesBuildPhase;
			buildActionMask = 2147483647;
			files = (
				AC676B5E22C25C0B00A6C613 /* LaunchScreen.storyboard in Resources */,
				AC676B5B22C25C0B00A6C613 /* Assets.xcassets in Resources */,
				AC676B5922C25C0800A6C613 /* Main.storyboard in Resources */,
			);
			runOnlyForDeploymentPostprocessing = 0;
		};
/* End PBXResourcesBuildPhase section */

/* Begin PBXShellScriptBuildPhase section */
		8D2B21AF2FD7112D7D5C8487 /* [CP] Embed Pods Frameworks */ = {
			isa = PBXShellScriptBuildPhase;
			buildActionMask = 2147483647;
			files = (
			);
			inputFileListPaths = (
			);
			inputPaths = (
				"${SRCROOT}/Pods/Target Support Files/Pods-SlotsUpTest/Pods-SlotsUpTest-frameworks.sh",
				"${BUILT_PRODUCTS_DIR}/Alamofire/Alamofire.framework",
			);
			name = "[CP] Embed Pods Frameworks";
			outputFileListPaths = (
			);
			outputPaths = (
				"${TARGET_BUILD_DIR}/${FRAMEWORKS_FOLDER_PATH}/Alamofire.framework",
			);
			runOnlyForDeploymentPostprocessing = 0;
			shellPath = /bin/sh;
			shellScript = "\"${SRCROOT}/Pods/Target Support Files/Pods-SlotsUpTest/Pods-SlotsUpTest-frameworks.sh\"\n";
			showEnvVarsInLog = 0;
		};
		C18A595A5423D6CB137F80BC /* [CP] Check Pods Manifest.lock */ = {
			isa = PBXShellScriptBuildPhase;
			buildActionMask = 2147483647;
			files = (
			);
			inputFileListPaths = (
			);
			inputPaths = (
				"${PODS_PODFILE_DIR_PATH}/Podfile.lock",
				"${PODS_ROOT}/Manifest.lock",
			);
			name = "[CP] Check Pods Manifest.lock";
			outputFileListPaths = (
			);
			outputPaths = (
				"$(DERIVED_FILE_DIR)/Pods-SlotsUpTest-checkManifestLockResult.txt",
			);
			runOnlyForDeploymentPostprocessing = 0;
			shellPath = /bin/sh;
			shellScript = "diff \"${PODS_PODFILE_DIR_PATH}/Podfile.lock\" \"${PODS_ROOT}/Manifest.lock\" > /dev/null\nif [ $? != 0 ] ; then\n    # print error to STDERR\n    echo \"error: The sandbox is not in sync with the Podfile.lock. Run 'pod install' or update your CocoaPods installation.\" >&2\n    exit 1\nfi\n# This output is used by Xcode 'outputs' to avoid re-running this script phase.\necho \"SUCCESS\" > \"${SCRIPT_OUTPUT_FILE_0}\"\n";
			showEnvVarsInLog = 0;
		};
/* End PBXShellScriptBuildPhase section */

/* Begin PBXSourcesBuildPhase section */
		AC676B4C22C25C0800A6C613 /* Sources */ = {
			isa = PBXSourcesBuildPhase;
			buildActionMask = 2147483647;
			files = (
				AC676B5622C25C0800A6C613 /* LoginScreen.swift in Sources */,
				ACFEF58922C36B4200555101 /* Response.swift in Sources */,
				ACFEF58B22C37D3C00555101 /* CharacterCountViewController.swift in Sources */,
				AC676B5422C25C0800A6C613 /* AppDelegate.swift in Sources */,
				AC676B6622C25E5200A6C613 /* Constants.swift in Sources */,
				AC676B6A22C2653100A6C613 /* Networking.swift in Sources */,
			);
			runOnlyForDeploymentPostprocessing = 0;
		};
/* End PBXSourcesBuildPhase section */

/* Begin PBXVariantGroup section */
		AC676B5722C25C0800A6C613 /* Main.storyboard */ = {
			isa = PBXVariantGroup;
			children = (
				AC676B5822C25C0800A6C613 /* Base */,
			);
			name = Main.storyboard;
			sourceTree = "<group>";
		};
		AC676B5C22C25C0B00A6C613 /* LaunchScreen.storyboard */ = {
			isa = PBXVariantGroup;
			children = (
				AC676B5D22C25C0B00A6C613 /* Base */,
			);
			name = LaunchScreen.storyboard;
			sourceTree = "<group>";
		};
/* End PBXVariantGroup section */

/* Begin XCBuildConfiguration section */
		AC676B6022C25C0B00A6C613 /* Debug */ = {
			isa = XCBuildConfiguration;
			buildSettings = {
				ALWAYS_SEARCH_USER_PATHS = NO;
				CLANG_ANALYZER_NONNULL = YES;
				CLANG_ANALYZER_NUMBER_OBJECT_CONVERSION = YES_AGGRESSIVE;
				CLANG_CXX_LANGUAGE_STANDARD = "gnu++14";
				CLANG_CXX_LIBRARY = "libc++";
				CLANG_ENABLE_MODULES = YES;
				CLANG_ENABLE_OBJC_ARC = YES;
				CLANG_ENABLE_OBJC_WEAK = YES;
				CLANG_WARN_BLOCK_CAPTURE_AUTORELEASING = YES;
				CLANG_WARN_BOOL_CONVERSION = YES;
				CLANG_WARN_COMMA = YES;
				CLANG_WARN_CONSTANT_CONVERSION = YES;
				CLANG_WARN_DEPRECATED_OBJC_IMPLEMENTATIONS = YES;
				CLANG_WARN_DIRECT_OBJC_ISA_USAGE = YES_ERROR;
				CLANG_WARN_DOCUMENTATION_COMMENTS = YES;
				CLANG_WARN_EMPTY_BODY = YES;
				CLANG_WARN_ENUM_CONVERSION = YES;
				CLANG_WARN_INFINITE_RECURSION = YES;
				CLANG_WARN_INT_CONVERSION = YES;
				CLANG_WARN_NON_LITERAL_NULL_CONVERSION = YES;
				CLANG_WARN_OBJC_IMPLICIT_RETAIN_SELF = YES;
				CLANG_WARN_OBJC_LITERAL_CONVERSION = YES;
				CLANG_WARN_OBJC_ROOT_CLASS = YES_ERROR;
				CLANG_WARN_RANGE_LOOP_ANALYSIS = YES;
				CLANG_WARN_STRICT_PROTOTYPES = YES;
				CLANG_WARN_SUSPICIOUS_MOVE = YES;
				CLANG_WARN_UNGUARDED_AVAILABILITY = YES_AGGRESSIVE;
				CLANG_WARN_UNREACHABLE_CODE = YES;
				CLANG_WARN__DUPLICATE_METHOD_MATCH = YES;
				CODE_SIGN_IDENTITY = "iPhone Developer";
				COPY_PHASE_STRIP = NO;
				DEBUG_INFORMATION_FORMAT = dwarf;
				ENABLE_STRICT_OBJC_MSGSEND = YES;
				ENABLE_TESTABILITY = YES;
				GCC_C_LANGUAGE_STANDARD = gnu11;
				GCC_DYNAMIC_NO_PIC = NO;
				GCC_NO_COMMON_BLOCKS = YES;
				GCC_OPTIMIZATION_LEVEL = 0;
				GCC_PREPROCESSOR_DEFINITIONS = (
					"DEBUG=1",
					"$(inherited)",
				);
				GCC_WARN_64_TO_32_BIT_CONVERSION = YES;
				GCC_WARN_ABOUT_RETURN_TYPE = YES_ERROR;
				GCC_WARN_UNDECLARED_SELECTOR = YES;
				GCC_WARN_UNINITIALIZED_AUTOS = YES_AGGRESSIVE;
				GCC_WARN_UNUSED_FUNCTION = YES;
				GCC_WARN_UNUSED_VARIABLE = YES;
				IPHONEOS_DEPLOYMENT_TARGET = 12.2;
				MTL_ENABLE_DEBUG_INFO = INCLUDE_SOURCE;
				MTL_FAST_MATH = YES;
				ONLY_ACTIVE_ARCH = YES;
				SDKROOT = iphoneos;
				SWIFT_ACTIVE_COMPILATION_CONDITIONS = DEBUG;
				SWIFT_OPTIMIZATION_LEVEL = "-Onone";
			};
			name = Debug;
		};
		AC676B6122C25C0B00A6C613 /* Release */ = {
			isa = XCBuildConfiguration;
			buildSettings = {
				ALWAYS_SEARCH_USER_PATHS = NO;
				CLANG_ANALYZER_NONNULL = YES;
				CLANG_ANALYZER_NUMBER_OBJECT_CONVERSION = YES_AGGRESSIVE;
				CLANG_CXX_LANGUAGE_STANDARD = "gnu++14";
				CLANG_CXX_LIBRARY = "libc++";
				CLANG_ENABLE_MODULES = YES;
				CLANG_ENABLE_OBJC_ARC = YES;
				CLANG_ENABLE_OBJC_WEAK = YES;
				CLANG_WARN_BLOCK_CAPTURE_AUTORELEASING = YES;
				CLANG_WARN_BOOL_CONVERSION = YES;
				CLANG_WARN_COMMA = YES;
				CLANG_WARN_CONSTANT_CONVERSION = YES;
				CLANG_WARN_DEPRECATED_OBJC_IMPLEMENTATIONS = YES;
				CLANG_WARN_DIRECT_OBJC_ISA_USAGE = YES_ERROR;
				CLANG_WARN_DOCUMENTATION_COMMENTS = YES;
				CLANG_WARN_EMPTY_BODY = YES;
				CLANG_WARN_ENUM_CONVERSION = YES;
				CLANG_WARN_INFINITE_RECURSION = YES;
				CLANG_WARN_INT_CONVERSION = YES;
				CLANG_WARN_NON_LITERAL_NULL_CONVERSION = YES;
				CLANG_WARN_OBJC_IMPLICIT_RETAIN_SELF = YES;
				CLANG_WARN_OBJC_LITERAL_CONVERSION = YES;
				CLANG_WARN_OBJC_ROOT_CLASS = YES_ERROR;
				CLANG_WARN_RANGE_LOOP_ANALYSIS = YES;
				CLANG_WARN_STRICT_PROTOTYPES = YES;
				CLANG_WARN_SUSPICIOUS_MOVE = YES;
				CLANG_WARN_UNGUARDED_AVAILABILITY = YES_AGGRESSIVE;
				CLANG_WARN_UNREACHABLE_CODE = YES;
				CLANG_WARN__DUPLICATE_METHOD_MATCH = YES;
				CODE_SIGN_IDENTITY = "iPhone Developer";
				COPY_PHASE_STRIP = NO;
				DEBUG_INFORMATION_FORMAT = "dwarf-with-dsym";
				ENABLE_NS_ASSERTIONS = NO;
				ENABLE_STRICT_OBJC_MSGSEND = YES;
				GCC_C_LANGUAGE_STANDARD = gnu11;
				GCC_NO_COMMON_BLOCKS = YES;
				GCC_WARN_64_TO_32_BIT_CONVERSION = YES;
				GCC_WARN_ABOUT_RETURN_TYPE = YES_ERROR;
				GCC_WARN_UNDECLARED_SELECTOR = YES;
				GCC_WARN_UNINITIALIZED_AUTOS = YES_AGGRESSIVE;
				GCC_WARN_UNUSED_FUNCTION = YES;
				GCC_WARN_UNUSED_VARIABLE = YES;
				IPHONEOS_DEPLOYMENT_TARGET = 12.2;
				MTL_ENABLE_DEBUG_INFO = NO;
				MTL_FAST_MATH = YES;
				SDKROOT = iphoneos;
				SWIFT_COMPILATION_MODE = wholemodule;
				SWIFT_OPTIMIZATION_LEVEL = "-O";
				VALIDATE_PRODUCT = YES;
			};
			name = Release;
		};
		AC676B6322C25C0B00A6C613 /* Debug */ = {
			isa = XCBuildConfiguration;
			baseConfigurationReference = D8EB3ABF438D8504B01367D7 /* Pods-SlotsUpTest.debug.xcconfig */;
			buildSettings = {
				ASSETCATALOG_COMPILER_APPICON_NAME = AppIcon;
				CODE_SIGN_STYLE = Automatic;
				DEVELOPMENT_TEAM = Q3C77S94RP;
				INFOPLIST_FILE = SlotsUpTest/Info.plist;
				LD_RUNPATH_SEARCH_PATHS = (
					"$(inherited)",
					"@executable_path/Frameworks",
				);
				PRODUCT_BUNDLE_IDENTIFIER = Artem.SlotsUpTest;
				PRODUCT_NAME = "$(TARGET_NAME)";
				SWIFT_VERSION = 5.0;
				TARGETED_DEVICE_FAMILY = "1,2";
			};
			name = Debug;
		};
		AC676B6422C25C0B00A6C613 /* Release */ = {
			isa = XCBuildConfiguration;
			baseConfigurationReference = D984B94C71DAD682A6D3C98D /* Pods-SlotsUpTest.release.xcconfig */;
			buildSettings = {
				ASSETCATALOG_COMPILER_APPICON_NAME = AppIcon;
				CODE_SIGN_STYLE = Automatic;
				DEVELOPMENT_TEAM = Q3C77S94RP;
				INFOPLIST_FILE = SlotsUpTest/Info.plist;
				LD_RUNPATH_SEARCH_PATHS = (
					"$(inherited)",
					"@executable_path/Frameworks",
				);
				PRODUCT_BUNDLE_IDENTIFIER = Artem.SlotsUpTest;
				PRODUCT_NAME = "$(TARGET_NAME)";
				SWIFT_VERSION = 5.0;
				TARGETED_DEVICE_FAMILY = "1,2";
			};
			name = Release;
		};
/* End XCBuildConfiguration section */

/* Begin XCConfigurationList section */
		AC676B4B22C25C0800A6C613 /* Build configuration list for PBXProject "SlotsUpTest" */ = {
			isa = XCConfigurationList;
			buildConfigurations = (
				AC676B6022C25C0B00A6C613 /* Debug */,
				AC676B6122C25C0B00A6C613 /* Release */,
			);
			defaultConfigurationIsVisible = 0;
			defaultConfigurationName = Release;
		};
		AC676B6222C25C0B00A6C613 /* Build configuration list for PBXNativeTarget "SlotsUpTest" */ = {
			isa = XCConfigurationList;
			buildConfigurations = (
				AC676B6322C25C0B00A6C613 /* Debug */,
				AC676B6422C25C0B00A6C613 /* Release */,
			);
			defaultConfigurationIsVisible = 0;
			defaultConfigurationName = Release;
		};
/* End XCConfigurationList section */
	};
	rootObject = AC676B4822C25C0800A6C613 /* Project object */;
}
